
Microsoft Visual Studio Solution File, Format Version 12.00
# Visual Studio 14
VisualStudioVersion = 14.0.25123.0
MinimumVisualStudioVersion = 10.0.40219.1
Project("{2150E333-8FDC-42A3-9474-1A3956D46DE8}") = "src", "src", "{46AA1263-8100-4945-BA9E-5F2B8130F02D}"
EndProject
Project("{2150E333-8FDC-42A3-9474-1A3956D46DE8}") = "test", "test", "{5B63220C-8D2D-46D0-A396-4B56BF2DA17A}"
EndProject
Project("{2150E333-8FDC-42A3-9474-1A3956D46DE8}") = "BusinessProcess", "BusinessProcess", "{F84FECDA-2F3D-45B3-9C90-6C7D8606CDCC}"
EndProject
Project("{2150E333-8FDC-42A3-9474-1A3956D46DE8}") = "Common", "Common", "{CE062E0E-462D-4757-AB6B-373404E8BAB7}"
EndProject
Project("{2150E333-8FDC-42A3-9474-1A3956D46DE8}") = "Gateway", "Gateway", "{F9807139-CB8C-4289-B673-C8C2399FCE69}"
EndProject
Project("{2150E333-8FDC-42A3-9474-1A3956D46DE8}") = "Core", "Core", "{20D4F230-5BEB-4361-9B73-004A3AC59D2F}"
EndProject
Project("{2150E333-8FDC-42A3-9474-1A3956D46DE8}") = "Infrastructure", "Infrastructure", "{E7C4D278-E64C-4CBB-8420-C3AE15050556}"
EndProject
Project("{2150E333-8FDC-42A3-9474-1A3956D46DE8}") = "Mvc", "Mvc", "{AF5BA3F0-2882-4C85-B760-B2F24273CBAF}"
EndProject
Project("{2150E333-8FDC-42A3-9474-1A3956D46DE8}") = "WebApi", "WebApi", "{B70933EA-3C86-467E-B943-1E252C3CA3B4}"
EndProject
Project("{FAE04EC0-301F-11D3-BF4B-00C04F79EFBC}") = "PPS.BusinessProcess.Core.Domain", "src\PPS.BusinessProcess.Core.Domain\PPS.BusinessProcess.Core.Domain.csproj", "{EBAA997A-D7B8-4C29-AC87-664A65D39FE0}"
EndProject
Project("{FAE04EC0-301F-11D3-BF4B-00C04F79EFBC}") = "PPS.BusinessProcess.Core.Repository", "src\PPS.BusinessProcess.Core.Repository\PPS.BusinessProcess.Core.Repository.csproj", "{2DF4D309-5AFD-4569-B6AD-74264220E79D}"
EndProject
Project("{FAE04EC0-301F-11D3-BF4B-00C04F79EFBC}") = "PPS.BusinessProcess.Core.Services", "src\PPS.BusinessProcess.Core.Services\PPS.BusinessProcess.Core.Services.csproj", "{E034A828-84A2-4A7F-9D91-B6CB8C519C41}"
EndProject
Project("{FAE04EC0-301F-11D3-BF4B-00C04F79EFBC}") = "PPS.BusinessProcess.Infrastructure.Repository", "src\PPS.BusinessProcess.Infrastructure.Repository\PPS.BusinessProcess.Infrastructure.Repository.csproj", "{B5DC6A8C-1582-4110-99C8-3AB8C74F17CC}"
	ProjectSection(ProjectDependencies) = postProject
		{2DF4D309-5AFD-4569-B6AD-74264220E79D} = {2DF4D309-5AFD-4569-B6AD-74264220E79D}
		{EBAA997A-D7B8-4C29-AC87-664A65D39FE0} = {EBAA997A-D7B8-4C29-AC87-664A65D39FE0}
	EndProjectSection
EndProject
Project("{FAE04EC0-301F-11D3-BF4B-00C04F79EFBC}") = "PPS.BusinessProcess.Infrastructure.Services", "src\PPS.BusinessProcess.Infrastructure.Services\PPS.BusinessProcess.Infrastructure.Services.csproj", "{3CD10B03-DCA2-4C07-960D-064F960F0034}"
EndProject
Project("{FAE04EC0-301F-11D3-BF4B-00C04F79EFBC}") = "PPS.Gateway.WebApi.Host", "src\PPS.Gateway.WebApi.Host\PPS.Gateway.WebApi.Host.csproj", "{7D9F86D3-92F3-4B75-BCBC-8257278543E0}"
EndProject
Project("{FAE04EC0-301F-11D3-BF4B-00C04F79EFBC}") = "PPS.Common", "PPS.Common\PPS.Common.csproj", "{58996211-FA81-40DC-B3B2-94CB58EF1E36}"
EndProject
Global
	GlobalSection(SolutionConfigurationPlatforms) = preSolution
		Debug|Any CPU = Debug|Any CPU
		Release|Any CPU = Release|Any CPU
	EndGlobalSection
	GlobalSection(ProjectConfigurationPlatforms) = postSolution
		{EBAA997A-D7B8-4C29-AC87-664A65D39FE0}.Debug|Any CPU.ActiveCfg = Debug|Any CPU
		{EBAA997A-D7B8-4C29-AC87-664A65D39FE0}.Debug|Any CPU.Build.0 = Debug|Any CPU
		{EBAA997A-D7B8-4C29-AC87-664A65D39FE0}.Release|Any CPU.ActiveCfg = Release|Any CPU
		{EBAA997A-D7B8-4C29-AC87-664A65D39FE0}.Release|Any CPU.Build.0 = Release|Any CPU
		{2DF4D309-5AFD-4569-B6AD-74264220E79D}.Debug|Any CPU.ActiveCfg = Debug|Any CPU
		{2DF4D309-5AFD-4569-B6AD-74264220E79D}.Debug|Any CPU.Build.0 = Debug|Any CPU
		{2DF4D309-5AFD-4569-B6AD-74264220E79D}.Release|Any CPU.ActiveCfg = Release|Any CPU
		{2DF4D309-5AFD-4569-B6AD-74264220E79D}.Release|Any CPU.Build.0 = Release|Any CPU
		{E034A828-84A2-4A7F-9D91-B6CB8C519C41}.Debug|Any CPU.ActiveCfg = Debug|Any CPU
		{E034A828-84A2-4A7F-9D91-B6CB8C519C41}.Debug|Any CPU.Build.0 = Debug|Any CPU
		{E034A828-84A2-4A7F-9D91-B6CB8C519C41}.Release|Any CPU.ActiveCfg = Release|Any CPU
		{E034A828-84A2-4A7F-9D91-B6CB8C519C41}.Release|Any CPU.Build.0 = Release|Any CPU
		{B5DC6A8C-1582-4110-99C8-3AB8C74F17CC}.Debug|Any CPU.ActiveCfg = Debug|Any CPU
		{B5DC6A8C-1582-4110-99C8-3AB8C74F17CC}.Debug|Any CPU.Build.0 = Debug|Any CPU
		{B5DC6A8C-1582-4110-99C8-3AB8C74F17CC}.Release|Any CPU.ActiveCfg = Release|Any CPU
		{B5DC6A8C-1582-4110-99C8-3AB8C74F17CC}.Release|Any CPU.Build.0 = Release|Any CPU
		{3CD10B03-DCA2-4C07-960D-064F960F0034}.Debug|Any CPU.ActiveCfg = Debug|Any CPU
		{3CD10B03-DCA2-4C07-960D-064F960F0034}.Debug|Any CPU.Build.0 = Debug|Any CPU
		{3CD10B03-DCA2-4C07-960D-064F960F0034}.Release|Any CPU.ActiveCfg = Release|Any CPU
		{3CD10B03-DCA2-4C07-960D-064F960F0034}.Release|Any CPU.Build.0 = Release|Any CPU
		{7D9F86D3-92F3-4B75-BCBC-8257278543E0}.Debug|Any CPU.ActiveCfg = Debug|Any CPU
		{7D9F86D3-92F3-4B75-BCBC-8257278543E0}.Debug|Any CPU.Build.0 = Debug|Any CPU
		{7D9F86D3-92F3-4B75-BCBC-8257278543E0}.Release|Any CPU.ActiveCfg = Release|Any CPU
		{7D9F86D3-92F3-4B75-BCBC-8257278543E0}.Release|Any CPU.Build.0 = Release|Any CPU
		{58996211-FA81-40DC-B3B2-94CB58EF1E36}.Debug|Any CPU.ActiveCfg = Debug|Any CPU
		{58996211-FA81-40DC-B3B2-94CB58EF1E36}.Debug|Any CPU.Build.0 = Debug|Any CPU
		{58996211-FA81-40DC-B3B2-94CB58EF1E36}.Release|Any CPU.ActiveCfg = Release|Any CPU
		{58996211-FA81-40DC-B3B2-94CB58EF1E36}.Release|Any CPU.Build.0 = Release|Any CPU
	EndGlobalSection
	GlobalSection(SolutionProperties) = preSolution
		HideSolutionNode = FALSE
	EndGlobalSection
	GlobalSection(NestedProjects) = preSolution
		{F84FECDA-2F3D-45B3-9C90-6C7D8606CDCC} = {46AA1263-8100-4945-BA9E-5F2B8130F02D}
		{CE062E0E-462D-4757-AB6B-373404E8BAB7} = {46AA1263-8100-4945-BA9E-5F2B8130F02D}
		{F9807139-CB8C-4289-B673-C8C2399FCE69} = {46AA1263-8100-4945-BA9E-5F2B8130F02D}
		{20D4F230-5BEB-4361-9B73-004A3AC59D2F} = {F84FECDA-2F3D-45B3-9C90-6C7D8606CDCC}
		{E7C4D278-E64C-4CBB-8420-C3AE15050556} = {F84FECDA-2F3D-45B3-9C90-6C7D8606CDCC}
		{AF5BA3F0-2882-4C85-B760-B2F24273CBAF} = {F9807139-CB8C-4289-B673-C8C2399FCE69}
		{B70933EA-3C86-467E-B943-1E252C3CA3B4} = {F9807139-CB8C-4289-B673-C8C2399FCE69}
		{EBAA997A-D7B8-4C29-AC87-664A65D39FE0} = {20D4F230-5BEB-4361-9B73-004A3AC59D2F}
		{2DF4D309-5AFD-4569-B6AD-74264220E79D} = {20D4F230-5BEB-4361-9B73-004A3AC59D2F}
		{E034A828-84A2-4A7F-9D91-B6CB8C519C41} = {20D4F230-5BEB-4361-9B73-004A3AC59D2F}
		{B5DC6A8C-1582-4110-99C8-3AB8C74F17CC} = {E7C4D278-E64C-4CBB-8420-C3AE15050556}
		{3CD10B03-DCA2-4C07-960D-064F960F0034} = {E7C4D278-E64C-4CBB-8420-C3AE15050556}
		{7D9F86D3-92F3-4B75-BCBC-8257278543E0} = {B70933EA-3C86-467E-B943-1E252C3CA3B4}
		{58996211-FA81-40DC-B3B2-94CB58EF1E36} = {CE062E0E-462D-4757-AB6B-373404E8BAB7}
	EndGlobalSection
EndGlobal
